
Microsoft Visual Studio Solution File, Format Version 12.00
# Visual Studio 15
VisualStudioVersion = 15.0.28307.1022
MinimumVisualStudioVersion = 10.0.40219.1
Project("{FAE04EC0-301F-11D3-BF4B-00C04F79EFBC}") = "Zadatak_1", "Zadatak_1\Zadatak_1.csproj", "{460487A7-DFEA-471B-AB02-38B2946BBE2F}"
EndProject
Global
	GlobalSection(SolutionConfigurationPlatforms) = preSolution
		Debug|Any CPU = Debug|Any CPU
		Release|Any CPU = Release|Any CPU
	EndGlobalSection
	GlobalSection(ProjectConfigurationPlatforms) = postSolution
		{460487A7-DFEA-471B-AB02-38B2946BBE2F}.Debug|Any CPU.ActiveCfg = Debug|Any CPU
		{460487A7-DFEA-471B-AB02-38B2946BBE2F}.Debug|Any CPU.Build.0 = Debug|Any CPU
		{460487A7-DFEA-471B-AB02-38B2946BBE2F}.Release|Any CPU.ActiveCfg = Release|Any CPU
		{460487A7-DFEA-471B-AB02-38B2946BBE2F}.Release|Any CPU.Build.0 = Release|Any CPU
	EndGlobalSection
	GlobalSection(SolutionProperties) = preSolution
		HideSolutionNode = FALSE
	EndGlobalSection
	GlobalSection(ExtensibilityGlobals) = postSolution
		SolutionGuid = {188D56A0-25C4-4B7A-B336-B69DD5A19002}
	EndGlobalSection
EndGlobal
